// !$*UTF8*$!
{
	archiveVersion = 1;
	classes = {
	};
	objectVersion = 56;
	objects = {

/* Begin PBXBuildFile section */
		0F9D5B656C6DAED9E8751C44 /* libPods-moviewApp-moviewAppUITests.a in Frameworks */ = {isa = PBXBuildFile; fileRef = CD03F8AC83697686BB1F1EC3 /* libPods-moviewApp-moviewAppUITests.a */; };
		1DE8B24304AA9AFC9C11BCC2 /* libPods-moviewAppTests.a in Frameworks */ = {isa = PBXBuildFile; fileRef = 592D5953F2401F4FEADD0DD6 /* libPods-moviewAppTests.a */; };
		5DB6993B43ED431EDC9D6A56 /* libPods-moviewApp.a in Frameworks */ = {isa = PBXBuildFile; fileRef = 980B538EF102AE91B6B5F287 /* libPods-moviewApp.a */; settings = {ATTRIBUTES = (Required, ); }; };
		67258F96292B76BD00B7672C /* LatestMovieViewCell.swift in Sources */ = {isa = PBXBuildFile; fileRef = 67258F95292B76BD00B7672C /* LatestMovieViewCell.swift */; };
		67283BE7291358E1005DC535 /* LatestMovie.swift in Sources */ = {isa = PBXBuildFile; fileRef = 67283BE6291358E1005DC535 /* LatestMovie.swift */; };
		67283BE92913A8D7005DC535 /* LatestMovieView.swift in Sources */ = {isa = PBXBuildFile; fileRef = 67283BE82913A8D7005DC535 /* LatestMovieView.swift */; };
		67318C0929026DE7001E4746 /* NetworkManager.swift in Sources */ = {isa = PBXBuildFile; fileRef = 67318C0829026DE6001E4746 /* NetworkManager.swift */; };
		67318C0B29027909001E4746 /* Storage.swift in Sources */ = {isa = PBXBuildFile; fileRef = 67318C0A29027909001E4746 /* Storage.swift */; };
		673D61E52910DA38000CF6A0 /* UIView+.swift in Sources */ = {isa = PBXBuildFile; fileRef = 673D61E42910DA38000CF6A0 /* UIView+.swift */; };
		6740D0B3290FA999001BE993 /* HomeView.swift in Sources */ = {isa = PBXBuildFile; fileRef = 6740D0B2290FA999001BE993 /* HomeView.swift */; };
		6740D0B5290FAE7F001BE993 /* MainSlideView.swift in Sources */ = {isa = PBXBuildFile; fileRef = 6740D0B4290FAE7F001BE993 /* MainSlideView.swift */; };
		67479747290A48FD00B4FDA3 /* HomeMainSlideViewController.swift in Sources */ = {isa = PBXBuildFile; fileRef = 67479746290A48FD00B4FDA3 /* HomeMainSlideViewController.swift */; };
		6747AC7028FD36A100BCA44A /* TrendMovie.swift in Sources */ = {isa = PBXBuildFile; fileRef = 6747AC6F28FD36A100BCA44A /* TrendMovie.swift */; };
		674BAB0928F6C38E00D88963 /* HomeViewController.swift in Sources */ = {isa = PBXBuildFile; fileRef = 674BAB0828F6C38E00D88963 /* HomeViewController.swift */; };
		674BAB0B28F6C42500D88963 /* LatestMovieViewController.swift in Sources */ = {isa = PBXBuildFile; fileRef = 674BAB0A28F6C42500D88963 /* LatestMovieViewController.swift */; };
		674BAB0D28F6C43500D88963 /* TheaterViewController.swift in Sources */ = {isa = PBXBuildFile; fileRef = 674BAB0C28F6C43500D88963 /* TheaterViewController.swift */; };
		6758866628F65BBB00AD8D4E /* AppDelegate.swift in Sources */ = {isa = PBXBuildFile; fileRef = 6758866528F65BBB00AD8D4E /* AppDelegate.swift */; };
		6758866828F65BBB00AD8D4E /* SceneDelegate.swift in Sources */ = {isa = PBXBuildFile; fileRef = 6758866728F65BBB00AD8D4E /* SceneDelegate.swift */; };
		6758866A28F65BBB00AD8D4E /* ViewController.swift in Sources */ = {isa = PBXBuildFile; fileRef = 6758866928F65BBB00AD8D4E /* ViewController.swift */; };
		6758866F28F65BBC00AD8D4E /* Assets.xcassets in Resources */ = {isa = PBXBuildFile; fileRef = 6758866E28F65BBC00AD8D4E /* Assets.xcassets */; };
		6758867228F65BBC00AD8D4E /* LaunchScreen.storyboard in Resources */ = {isa = PBXBuildFile; fileRef = 6758867028F65BBC00AD8D4E /* LaunchScreen.storyboard */; };
		6758867D28F65BBC00AD8D4E /* moviewAppTests.swift in Sources */ = {isa = PBXBuildFile; fileRef = 6758867C28F65BBC00AD8D4E /* moviewAppTests.swift */; };
		6758868728F65BBC00AD8D4E /* moviewAppUITests.swift in Sources */ = {isa = PBXBuildFile; fileRef = 6758868628F65BBC00AD8D4E /* moviewAppUITests.swift */; };
		6758868928F65BBC00AD8D4E /* moviewAppUITestsLaunchTests.swift in Sources */ = {isa = PBXBuildFile; fileRef = 6758868828F65BBC00AD8D4E /* moviewAppUITestsLaunchTests.swift */; };
		67E67E9228F8007600DC3FC8 /* MainStep.swift in Sources */ = {isa = PBXBuildFile; fileRef = 67E67E9128F8007600DC3FC8 /* MainStep.swift */; };
		67E67E9428F800E800DC3FC8 /* MainFlow.swift in Sources */ = {isa = PBXBuildFile; fileRef = 67E67E9328F800E800DC3FC8 /* MainFlow.swift */; };
		67E67E9628F802E100DC3FC8 /* NetworkService.swift in Sources */ = {isa = PBXBuildFile; fileRef = 67E67E9528F802E100DC3FC8 /* NetworkService.swift */; };
		67E67E9A28F804D400DC3FC8 /* DetailViewController.swift in Sources */ = {isa = PBXBuildFile; fileRef = 67E67E9928F804D400DC3FC8 /* DetailViewController.swift */; };
		67E67E9C28F8069200DC3FC8 /* HomeFlow.swift in Sources */ = {isa = PBXBuildFile; fileRef = 67E67E9B28F8069200DC3FC8 /* HomeFlow.swift */; };
		67E67E9E28F806A500DC3FC8 /* LatestMovieFlow.swift in Sources */ = {isa = PBXBuildFile; fileRef = 67E67E9D28F806A500DC3FC8 /* LatestMovieFlow.swift */; };
		67E67EA028F806B400DC3FC8 /* CategoryFlow.swift in Sources */ = {isa = PBXBuildFile; fileRef = 67E67E9F28F806B400DC3FC8 /* CategoryFlow.swift */; };
		67E67EA328F8127900DC3FC8 /* HomeViewModel.swift in Sources */ = {isa = PBXBuildFile; fileRef = 67E67EA228F8127900DC3FC8 /* HomeViewModel.swift */; };
		67E67EA628F8143F00DC3FC8 /* LatestMovieViewModel.swift in Sources */ = {isa = PBXBuildFile; fileRef = 67E67EA528F8143F00DC3FC8 /* LatestMovieViewModel.swift */; };
		67E67EA928F8147900DC3FC8 /* TheaterViewModel.swift in Sources */ = {isa = PBXBuildFile; fileRef = 67E67EA828F8147900DC3FC8 /* TheaterViewModel.swift */; };
		67FCF688292DF6DE002A2BF1 /* ListSlider.swift in Sources */ = {isa = PBXBuildFile; fileRef = 67FCF687292DF6DE002A2BF1 /* ListSlider.swift */; };
/* End PBXBuildFile section */

/* Begin PBXContainerItemProxy section */
		6758867928F65BBC00AD8D4E /* PBXContainerItemProxy */ = {
			isa = PBXContainerItemProxy;
			containerPortal = 6758865A28F65BBB00AD8D4E /* Project object */;
			proxyType = 1;
			remoteGlobalIDString = 6758866128F65BBB00AD8D4E;
			remoteInfo = moviewApp;
		};
		6758868328F65BBC00AD8D4E /* PBXContainerItemProxy */ = {
			isa = PBXContainerItemProxy;
			containerPortal = 6758865A28F65BBB00AD8D4E /* Project object */;
			proxyType = 1;
			remoteGlobalIDString = 6758866128F65BBB00AD8D4E;
			remoteInfo = moviewApp;
		};
/* End PBXContainerItemProxy section */

/* Begin PBXFileReference section */
		08DA05D3C7595970B71B2EF4 /* Pods-moviewApp-moviewAppUITests.release.xcconfig */ = {isa = PBXFileReference; includeInIndex = 1; lastKnownFileType = text.xcconfig; name = "Pods-moviewApp-moviewAppUITests.release.xcconfig"; path = "Target Support Files/Pods-moviewApp-moviewAppUITests/Pods-moviewApp-moviewAppUITests.release.xcconfig"; sourceTree = "<group>"; };
		52D46102DFAD5F0498DEBD44 /* Pods-moviewApp.debug.xcconfig */ = {isa = PBXFileReference; includeInIndex = 1; lastKnownFileType = text.xcconfig; name = "Pods-moviewApp.debug.xcconfig"; path = "Target Support Files/Pods-moviewApp/Pods-moviewApp.debug.xcconfig"; sourceTree = "<group>"; };
		53A4E6EE722C9E1D9B0B6296 /* Pods-moviewApp.release.xcconfig */ = {isa = PBXFileReference; includeInIndex = 1; lastKnownFileType = text.xcconfig; name = "Pods-moviewApp.release.xcconfig"; path = "Target Support Files/Pods-moviewApp/Pods-moviewApp.release.xcconfig"; sourceTree = "<group>"; };
		592D5953F2401F4FEADD0DD6 /* libPods-moviewAppTests.a */ = {isa = PBXFileReference; explicitFileType = archive.ar; includeInIndex = 0; path = "libPods-moviewAppTests.a"; sourceTree = BUILT_PRODUCTS_DIR; };
		5AE29E02FDCE0BD9B63729F5 /* Pods-moviewAppTests.release.xcconfig */ = {isa = PBXFileReference; includeInIndex = 1; lastKnownFileType = text.xcconfig; name = "Pods-moviewAppTests.release.xcconfig"; path = "Target Support Files/Pods-moviewAppTests/Pods-moviewAppTests.release.xcconfig"; sourceTree = "<group>"; };
		67258F95292B76BD00B7672C /* LatestMovieViewCell.swift */ = {isa = PBXFileReference; lastKnownFileType = sourcecode.swift; path = LatestMovieViewCell.swift; sourceTree = "<group>"; };
		67283BE6291358E1005DC535 /* LatestMovie.swift */ = {isa = PBXFileReference; lastKnownFileType = sourcecode.swift; path = LatestMovie.swift; sourceTree = "<group>"; };
		67283BE82913A8D7005DC535 /* LatestMovieView.swift */ = {isa = PBXFileReference; lastKnownFileType = sourcecode.swift; path = LatestMovieView.swift; sourceTree = "<group>"; };
		67318C0829026DE6001E4746 /* NetworkManager.swift */ = {isa = PBXFileReference; lastKnownFileType = sourcecode.swift; path = NetworkManager.swift; sourceTree = "<group>"; };
		67318C0A29027909001E4746 /* Storage.swift */ = {isa = PBXFileReference; lastKnownFileType = sourcecode.swift; path = Storage.swift; sourceTree = "<group>"; };
		673D61E42910DA38000CF6A0 /* UIView+.swift */ = {isa = PBXFileReference; lastKnownFileType = sourcecode.swift; path = "UIView+.swift"; sourceTree = "<group>"; };
		6740D0B2290FA999001BE993 /* HomeView.swift */ = {isa = PBXFileReference; lastKnownFileType = sourcecode.swift; path = HomeView.swift; sourceTree = "<group>"; };
		6740D0B4290FAE7F001BE993 /* MainSlideView.swift */ = {isa = PBXFileReference; lastKnownFileType = sourcecode.swift; path = MainSlideView.swift; sourceTree = "<group>"; };
		67479746290A48FD00B4FDA3 /* HomeMainSlideViewController.swift */ = {isa = PBXFileReference; lastKnownFileType = sourcecode.swift; path = HomeMainSlideViewController.swift; sourceTree = "<group>"; };
		6747AC6F28FD36A100BCA44A /* TrendMovie.swift */ = {isa = PBXFileReference; lastKnownFileType = sourcecode.swift; path = TrendMovie.swift; sourceTree = "<group>"; };
		674BAB0828F6C38E00D88963 /* HomeViewController.swift */ = {isa = PBXFileReference; lastKnownFileType = sourcecode.swift; path = HomeViewController.swift; sourceTree = "<group>"; };
		674BAB0A28F6C42500D88963 /* LatestMovieViewController.swift */ = {isa = PBXFileReference; lastKnownFileType = sourcecode.swift; path = LatestMovieViewController.swift; sourceTree = "<group>"; };
		674BAB0C28F6C43500D88963 /* TheaterViewController.swift */ = {isa = PBXFileReference; lastKnownFileType = sourcecode.swift; path = TheaterViewController.swift; sourceTree = "<group>"; };
		6758866228F65BBB00AD8D4E /* moviewApp.app */ = {isa = PBXFileReference; explicitFileType = wrapper.application; includeInIndex = 0; path = moviewApp.app; sourceTree = BUILT_PRODUCTS_DIR; };
		6758866528F65BBB00AD8D4E /* AppDelegate.swift */ = {isa = PBXFileReference; lastKnownFileType = sourcecode.swift; path = AppDelegate.swift; sourceTree = "<group>"; };
		6758866728F65BBB00AD8D4E /* SceneDelegate.swift */ = {isa = PBXFileReference; lastKnownFileType = sourcecode.swift; path = SceneDelegate.swift; sourceTree = "<group>"; };
		6758866928F65BBB00AD8D4E /* ViewController.swift */ = {isa = PBXFileReference; lastKnownFileType = sourcecode.swift; path = ViewController.swift; sourceTree = "<group>"; };
		6758866E28F65BBC00AD8D4E /* Assets.xcassets */ = {isa = PBXFileReference; lastKnownFileType = folder.assetcatalog; path = Assets.xcassets; sourceTree = "<group>"; };
		6758867128F65BBC00AD8D4E /* Base */ = {isa = PBXFileReference; lastKnownFileType = file.storyboard; name = Base; path = Base.lproj/LaunchScreen.storyboard; sourceTree = "<group>"; };
		6758867328F65BBC00AD8D4E /* Info.plist */ = {isa = PBXFileReference; lastKnownFileType = text.plist.xml; path = Info.plist; sourceTree = "<group>"; };
		6758867828F65BBC00AD8D4E /* moviewAppTests.xctest */ = {isa = PBXFileReference; explicitFileType = wrapper.cfbundle; includeInIndex = 0; path = moviewAppTests.xctest; sourceTree = BUILT_PRODUCTS_DIR; };
		6758867C28F65BBC00AD8D4E /* moviewAppTests.swift */ = {isa = PBXFileReference; lastKnownFileType = sourcecode.swift; path = moviewAppTests.swift; sourceTree = "<group>"; };
		6758868228F65BBC00AD8D4E /* moviewAppUITests.xctest */ = {isa = PBXFileReference; explicitFileType = wrapper.cfbundle; includeInIndex = 0; path = moviewAppUITests.xctest; sourceTree = BUILT_PRODUCTS_DIR; };
		6758868628F65BBC00AD8D4E /* moviewAppUITests.swift */ = {isa = PBXFileReference; lastKnownFileType = sourcecode.swift; path = moviewAppUITests.swift; sourceTree = "<group>"; };
		6758868828F65BBC00AD8D4E /* moviewAppUITestsLaunchTests.swift */ = {isa = PBXFileReference; lastKnownFileType = sourcecode.swift; path = moviewAppUITestsLaunchTests.swift; sourceTree = "<group>"; };
		67E67E9128F8007600DC3FC8 /* MainStep.swift */ = {isa = PBXFileReference; lastKnownFileType = sourcecode.swift; path = MainStep.swift; sourceTree = "<group>"; };
		67E67E9328F800E800DC3FC8 /* MainFlow.swift */ = {isa = PBXFileReference; lastKnownFileType = sourcecode.swift; path = MainFlow.swift; sourceTree = "<group>"; };
		67E67E9528F802E100DC3FC8 /* NetworkService.swift */ = {isa = PBXFileReference; lastKnownFileType = sourcecode.swift; path = NetworkService.swift; sourceTree = "<group>"; };
		67E67E9928F804D400DC3FC8 /* DetailViewController.swift */ = {isa = PBXFileReference; lastKnownFileType = sourcecode.swift; path = DetailViewController.swift; sourceTree = "<group>"; };
		67E67E9B28F8069200DC3FC8 /* HomeFlow.swift */ = {isa = PBXFileReference; lastKnownFileType = sourcecode.swift; path = HomeFlow.swift; sourceTree = "<group>"; };
		67E67E9D28F806A500DC3FC8 /* LatestMovieFlow.swift */ = {isa = PBXFileReference; lastKnownFileType = sourcecode.swift; path = LatestMovieFlow.swift; sourceTree = "<group>"; };
		67E67E9F28F806B400DC3FC8 /* CategoryFlow.swift */ = {isa = PBXFileReference; lastKnownFileType = sourcecode.swift; path = CategoryFlow.swift; sourceTree = "<group>"; };
		67E67EA228F8127900DC3FC8 /* HomeViewModel.swift */ = {isa = PBXFileReference; lastKnownFileType = sourcecode.swift; path = HomeViewModel.swift; sourceTree = "<group>"; };
		67E67EA528F8143F00DC3FC8 /* LatestMovieViewModel.swift */ = {isa = PBXFileReference; lastKnownFileType = sourcecode.swift; path = LatestMovieViewModel.swift; sourceTree = "<group>"; };
		67E67EA828F8147900DC3FC8 /* TheaterViewModel.swift */ = {isa = PBXFileReference; lastKnownFileType = sourcecode.swift; path = TheaterViewModel.swift; sourceTree = "<group>"; };
		67FCF687292DF6DE002A2BF1 /* ListSlider.swift */ = {isa = PBXFileReference; lastKnownFileType = sourcecode.swift; path = ListSlider.swift; sourceTree = "<group>"; };
		6F48FEEA9F13C7B9BF89A56A /* Pods-moviewAppTests.debug.xcconfig */ = {isa = PBXFileReference; includeInIndex = 1; lastKnownFileType = text.xcconfig; name = "Pods-moviewAppTests.debug.xcconfig"; path = "Target Support Files/Pods-moviewAppTests/Pods-moviewAppTests.debug.xcconfig"; sourceTree = "<group>"; };
		980B538EF102AE91B6B5F287 /* libPods-moviewApp.a */ = {isa = PBXFileReference; explicitFileType = archive.ar; includeInIndex = 0; path = "libPods-moviewApp.a"; sourceTree = BUILT_PRODUCTS_DIR; };
		CD03F8AC83697686BB1F1EC3 /* libPods-moviewApp-moviewAppUITests.a */ = {isa = PBXFileReference; explicitFileType = archive.ar; includeInIndex = 0; path = "libPods-moviewApp-moviewAppUITests.a"; sourceTree = BUILT_PRODUCTS_DIR; };
		FA7A0B6C97410D4CF67882E7 /* Pods-moviewApp-moviewAppUITests.debug.xcconfig */ = {isa = PBXFileReference; includeInIndex = 1; lastKnownFileType = text.xcconfig; name = "Pods-moviewApp-moviewAppUITests.debug.xcconfig"; path = "Target Support Files/Pods-moviewApp-moviewAppUITests/Pods-moviewApp-moviewAppUITests.debug.xcconfig"; sourceTree = "<group>"; };
/* End PBXFileReference section */

/* Begin PBXFrameworksBuildPhase section */
		6758865F28F65BBB00AD8D4E /* Frameworks */ = {
			isa = PBXFrameworksBuildPhase;
			buildActionMask = 2147483647;
			files = (
				5DB6993B43ED431EDC9D6A56 /* libPods-moviewApp.a in Frameworks */,
			);
			runOnlyForDeploymentPostprocessing = 0;
		};
		6758867528F65BBC00AD8D4E /* Frameworks */ = {
			isa = PBXFrameworksBuildPhase;
			buildActionMask = 2147483647;
			files = (
				1DE8B24304AA9AFC9C11BCC2 /* libPods-moviewAppTests.a in Frameworks */,
			);
			runOnlyForDeploymentPostprocessing = 0;
		};
		6758867F28F65BBC00AD8D4E /* Frameworks */ = {
			isa = PBXFrameworksBuildPhase;
			buildActionMask = 2147483647;
			files = (
				0F9D5B656C6DAED9E8751C44 /* libPods-moviewApp-moviewAppUITests.a in Frameworks */,
			);
			runOnlyForDeploymentPostprocessing = 0;
		};
/* End PBXFrameworksBuildPhase section */

/* Begin PBXGroup section */
		162944ACEF3444F6489D4A51 /* Frameworks */ = {
			isa = PBXGroup;
			children = (
				980B538EF102AE91B6B5F287 /* libPods-moviewApp.a */,
				CD03F8AC83697686BB1F1EC3 /* libPods-moviewApp-moviewAppUITests.a */,
				592D5953F2401F4FEADD0DD6 /* libPods-moviewAppTests.a */,
			);
			name = Frameworks;
			sourceTree = "<group>";
		};
		67283BE52913436D005DC535 /* Network */ = {
			isa = PBXGroup;
			children = (
				67318C0829026DE6001E4746 /* NetworkManager.swift */,
				67E67E9528F802E100DC3FC8 /* NetworkService.swift */,
			);
			path = Network;
			sourceTree = "<group>";
		};
		673D61E32910D805000CF6A0 /* Extentsion */ = {
			isa = PBXGroup;
			children = (
				673D61E42910DA38000CF6A0 /* UIView+.swift */,
			);
			path = Extentsion;
			sourceTree = "<group>";
		};
		67479745290A470300B4FDA3 /* SubView */ = {
			isa = PBXGroup;
			children = (
				67479746290A48FD00B4FDA3 /* HomeMainSlideViewController.swift */,
				67FCF687292DF6DE002A2BF1 /* ListSlider.swift */,
				6740D0B4290FAE7F001BE993 /* MainSlideView.swift */,
			);
			path = SubView;
			sourceTree = "<group>";
		};
		6747AC6E28FD35AD00BCA44A /* Model */ = {
			isa = PBXGroup;
			children = (
				6747AC6F28FD36A100BCA44A /* TrendMovie.swift */,
				67283BE6291358E1005DC535 /* LatestMovie.swift */,
			);
			path = Model;
			sourceTree = "<group>";
		};
		674C59302912645A00847958 /* Common */ = {
			isa = PBXGroup;
			children = (
				674C59312912646700847958 /* Detail */,
			);
			path = Common;
			sourceTree = "<group>";
		};
		674C59312912646700847958 /* Detail */ = {
			isa = PBXGroup;
			children = (
				67E67E9928F804D400DC3FC8 /* DetailViewController.swift */,
			);
			path = Detail;
			sourceTree = "<group>";
		};
		6758865928F65BBB00AD8D4E = {
			isa = PBXGroup;
			children = (
				6758866428F65BBB00AD8D4E /* moviewApp */,
				6758867B28F65BBC00AD8D4E /* moviewAppTests */,
				6758868528F65BBC00AD8D4E /* moviewAppUITests */,
				6758866328F65BBB00AD8D4E /* Products */,
				6EEDAFA098F4E91DC6269121 /* Pods */,
				162944ACEF3444F6489D4A51 /* Frameworks */,
			);
			sourceTree = "<group>";
		};
		6758866328F65BBB00AD8D4E /* Products */ = {
			isa = PBXGroup;
			children = (
				6758866228F65BBB00AD8D4E /* moviewApp.app */,
				6758867828F65BBC00AD8D4E /* moviewAppTests.xctest */,
				6758868228F65BBC00AD8D4E /* moviewAppUITests.xctest */,
			);
			name = Products;
			sourceTree = "<group>";
		};
		6758866428F65BBB00AD8D4E /* moviewApp */ = {
			isa = PBXGroup;
			children = (
				6758866528F65BBB00AD8D4E /* AppDelegate.swift */,
				6758866728F65BBB00AD8D4E /* SceneDelegate.swift */,
				6758866928F65BBB00AD8D4E /* ViewController.swift */,
				67E67E9128F8007600DC3FC8 /* MainStep.swift */,
				67283BE52913436D005DC535 /* Network */,
				673D61E32910D805000CF6A0 /* Extentsion */,
				6747AC6E28FD35AD00BCA44A /* Model */,
				67E67E9828F8044100DC3FC8 /* Presentation */,
				67E67E9728F8042800DC3FC8 /* Flow */,
				6758866E28F65BBC00AD8D4E /* Assets.xcassets */,
				67318C0A29027909001E4746 /* Storage.swift */,
				6758867028F65BBC00AD8D4E /* LaunchScreen.storyboard */,
				6758867328F65BBC00AD8D4E /* Info.plist */,
			);
			path = moviewApp;
			sourceTree = "<group>";
		};
		6758867B28F65BBC00AD8D4E /* moviewAppTests */ = {
			isa = PBXGroup;
			children = (
				6758867C28F65BBC00AD8D4E /* moviewAppTests.swift */,
			);
			path = moviewAppTests;
			sourceTree = "<group>";
		};
		6758868528F65BBC00AD8D4E /* moviewAppUITests */ = {
			isa = PBXGroup;
			children = (
				6758868628F65BBC00AD8D4E /* moviewAppUITests.swift */,
				6758868828F65BBC00AD8D4E /* moviewAppUITestsLaunchTests.swift */,
			);
			path = moviewAppUITests;
			sourceTree = "<group>";
		};
		67E67E9728F8042800DC3FC8 /* Flow */ = {
			isa = PBXGroup;
			children = (
				67E67E9328F800E800DC3FC8 /* MainFlow.swift */,
				67E67E9B28F8069200DC3FC8 /* HomeFlow.swift */,
				67E67E9D28F806A500DC3FC8 /* LatestMovieFlow.swift */,
				67E67E9F28F806B400DC3FC8 /* CategoryFlow.swift */,
			);
			path = Flow;
			sourceTree = "<group>";
		};
		67E67E9828F8044100DC3FC8 /* Presentation */ = {
			isa = PBXGroup;
			children = (
				674C59302912645A00847958 /* Common */,
				67E67EA728F8146500DC3FC8 /* Theater */,
				67E67EA428F8140D00DC3FC8 /* LatestMovie */,
				67E67EA128F8126A00DC3FC8 /* Home */,
			);
			path = Presentation;
			sourceTree = "<group>";
		};
		67E67EA128F8126A00DC3FC8 /* Home */ = {
			isa = PBXGroup;
			children = (
				67479745290A470300B4FDA3 /* SubView */,
				674BAB0828F6C38E00D88963 /* HomeViewController.swift */,
				67E67EA228F8127900DC3FC8 /* HomeViewModel.swift */,
				6740D0B2290FA999001BE993 /* HomeView.swift */,
			);
			path = Home;
			sourceTree = "<group>";
		};
		67E67EA428F8140D00DC3FC8 /* LatestMovie */ = {
			isa = PBXGroup;
			children = (
				67F9770E2914F30B00EE5BCB /* SubView */,
				674BAB0A28F6C42500D88963 /* LatestMovieViewController.swift */,
				67283BE82913A8D7005DC535 /* LatestMovieView.swift */,
				67E67EA528F8143F00DC3FC8 /* LatestMovieViewModel.swift */,
			);
			path = LatestMovie;
			sourceTree = "<group>";
		};
		67E67EA728F8146500DC3FC8 /* Theater */ = {
			isa = PBXGroup;
			children = (
				674BAB0C28F6C43500D88963 /* TheaterViewController.swift */,
				67E67EA828F8147900DC3FC8 /* TheaterViewModel.swift */,
			);
			path = Theater;
			sourceTree = "<group>";
		};
		67F9770E2914F30B00EE5BCB /* SubView */ = {
			isa = PBXGroup;
			children = (
				67258F95292B76BD00B7672C /* LatestMovieViewCell.swift */,
			);
			path = SubView;
			sourceTree = "<group>";
		};
		6EEDAFA098F4E91DC6269121 /* Pods */ = {
			isa = PBXGroup;
			children = (
				52D46102DFAD5F0498DEBD44 /* Pods-moviewApp.debug.xcconfig */,
				53A4E6EE722C9E1D9B0B6296 /* Pods-moviewApp.release.xcconfig */,
				FA7A0B6C97410D4CF67882E7 /* Pods-moviewApp-moviewAppUITests.debug.xcconfig */,
				08DA05D3C7595970B71B2EF4 /* Pods-moviewApp-moviewAppUITests.release.xcconfig */,
				6F48FEEA9F13C7B9BF89A56A /* Pods-moviewAppTests.debug.xcconfig */,
				5AE29E02FDCE0BD9B63729F5 /* Pods-moviewAppTests.release.xcconfig */,
			);
			path = Pods;
			sourceTree = "<group>";
		};
/* End PBXGroup section */

/* Begin PBXNativeTarget section */
		6758866128F65BBB00AD8D4E /* moviewApp */ = {
			isa = PBXNativeTarget;
			buildConfigurationList = 6758868C28F65BBC00AD8D4E /* Build configuration list for PBXNativeTarget "moviewApp" */;
			buildPhases = (
				8FF1BE3C326514C6BA47B556 /* [CP] Check Pods Manifest.lock */,
				6758865E28F65BBB00AD8D4E /* Sources */,
				6758865F28F65BBB00AD8D4E /* Frameworks */,
				6758866028F65BBB00AD8D4E /* Resources */,
			);
			buildRules = (
			);
			dependencies = (
			);
			name = moviewApp;
			productName = moviewApp;
			productReference = 6758866228F65BBB00AD8D4E /* moviewApp.app */;
			productType = "com.apple.product-type.application";
		};
		6758867728F65BBC00AD8D4E /* moviewAppTests */ = {
			isa = PBXNativeTarget;
			buildConfigurationList = 6758868F28F65BBC00AD8D4E /* Build configuration list for PBXNativeTarget "moviewAppTests" */;
			buildPhases = (
				0CC0BCE97A5206DF27BD0E1D /* [CP] Check Pods Manifest.lock */,
				6758867428F65BBC00AD8D4E /* Sources */,
				6758867528F65BBC00AD8D4E /* Frameworks */,
				6758867628F65BBC00AD8D4E /* Resources */,
			);
			buildRules = (
			);
			dependencies = (
				6758867A28F65BBC00AD8D4E /* PBXTargetDependency */,
			);
			name = moviewAppTests;
			productName = moviewAppTests;
			productReference = 6758867828F65BBC00AD8D4E /* moviewAppTests.xctest */;
			productType = "com.apple.product-type.bundle.unit-test";
		};
		6758868128F65BBC00AD8D4E /* moviewAppUITests */ = {
			isa = PBXNativeTarget;
			buildConfigurationList = 6758869228F65BBC00AD8D4E /* Build configuration list for PBXNativeTarget "moviewAppUITests" */;
			buildPhases = (
				45FA4ED51DB4EEAF2073F4DB /* [CP] Check Pods Manifest.lock */,
				6758867E28F65BBC00AD8D4E /* Sources */,
				6758867F28F65BBC00AD8D4E /* Frameworks */,
				6758868028F65BBC00AD8D4E /* Resources */,
			);
			buildRules = (
			);
			dependencies = (
				6758868428F65BBC00AD8D4E /* PBXTargetDependency */,
			);
			name = moviewAppUITests;
			productName = moviewAppUITests;
			productReference = 6758868228F65BBC00AD8D4E /* moviewAppUITests.xctest */;
			productType = "com.apple.product-type.bundle.ui-testing";
		};
/* End PBXNativeTarget section */

/* Begin PBXProject section */
		6758865A28F65BBB00AD8D4E /* Project object */ = {
			isa = PBXProject;
			attributes = {
				BuildIndependentTargetsInParallel = 1;
				LastSwiftUpdateCheck = 1400;
				LastUpgradeCheck = 1400;
				TargetAttributes = {
					6758866128F65BBB00AD8D4E = {
						CreatedOnToolsVersion = 14.0.1;
					};
					6758867728F65BBC00AD8D4E = {
						CreatedOnToolsVersion = 14.0.1;
						TestTargetID = 6758866128F65BBB00AD8D4E;
					};
					6758868128F65BBC00AD8D4E = {
						CreatedOnToolsVersion = 14.0.1;
						TestTargetID = 6758866128F65BBB00AD8D4E;
					};
				};
			};
			buildConfigurationList = 6758865D28F65BBB00AD8D4E /* Build configuration list for PBXProject "moviewApp" */;
			compatibilityVersion = "Xcode 14.0";
			developmentRegion = en;
			hasScannedForEncodings = 0;
			knownRegions = (
				en,
				Base,
			);
			mainGroup = 6758865928F65BBB00AD8D4E;
			productRefGroup = 6758866328F65BBB00AD8D4E /* Products */;
			projectDirPath = "";
			projectRoot = "";
			targets = (
				6758866128F65BBB00AD8D4E /* moviewApp */,
				6758867728F65BBC00AD8D4E /* moviewAppTests */,
				6758868128F65BBC00AD8D4E /* moviewAppUITests */,
			);
		};
/* End PBXProject section */

/* Begin PBXResourcesBuildPhase section */
		6758866028F65BBB00AD8D4E /* Resources */ = {
			isa = PBXResourcesBuildPhase;
			buildActionMask = 2147483647;
			files = (
				6758867228F65BBC00AD8D4E /* LaunchScreen.storyboard in Resources */,
				6758866F28F65BBC00AD8D4E /* Assets.xcassets in Resources */,
			);
			runOnlyForDeploymentPostprocessing = 0;
		};
		6758867628F65BBC00AD8D4E /* Resources */ = {
			isa = PBXResourcesBuildPhase;
			buildActionMask = 2147483647;
			files = (
			);
			runOnlyForDeploymentPostprocessing = 0;
		};
		6758868028F65BBC00AD8D4E /* Resources */ = {
			isa = PBXResourcesBuildPhase;
			buildActionMask = 2147483647;
			files = (
			);
			runOnlyForDeploymentPostprocessing = 0;
		};
/* End PBXResourcesBuildPhase section */

/* Begin PBXShellScriptBuildPhase section */
		0CC0BCE97A5206DF27BD0E1D /* [CP] Check Pods Manifest.lock */ = {
			isa = PBXShellScriptBuildPhase;
			buildActionMask = 2147483647;
			files = (
			);
			inputFileListPaths = (
			);
			inputPaths = (
				"${PODS_PODFILE_DIR_PATH}/Podfile.lock",
				"${PODS_ROOT}/Manifest.lock",
			);
			name = "[CP] Check Pods Manifest.lock";
			outputFileListPaths = (
			);
			outputPaths = (
				"$(DERIVED_FILE_DIR)/Pods-moviewAppTests-checkManifestLockResult.txt",
			);
			runOnlyForDeploymentPostprocessing = 0;
			shellPath = /bin/sh;
			shellScript = "diff \"${PODS_PODFILE_DIR_PATH}/Podfile.lock\" \"${PODS_ROOT}/Manifest.lock\" > /dev/null\nif [ $? != 0 ] ; then\n    # print error to STDERR\n    echo \"error: The sandbox is not in sync with the Podfile.lock. Run 'pod install' or update your CocoaPods installation.\" >&2\n    exit 1\nfi\n# This output is used by Xcode 'outputs' to avoid re-running this script phase.\necho \"SUCCESS\" > \"${SCRIPT_OUTPUT_FILE_0}\"\n";
			showEnvVarsInLog = 0;
		};
		45FA4ED51DB4EEAF2073F4DB /* [CP] Check Pods Manifest.lock */ = {
			isa = PBXShellScriptBuildPhase;
			buildActionMask = 2147483647;
			files = (
			);
			inputFileListPaths = (
			);
			inputPaths = (
				"${PODS_PODFILE_DIR_PATH}/Podfile.lock",
				"${PODS_ROOT}/Manifest.lock",
			);
			name = "[CP] Check Pods Manifest.lock";
			outputFileListPaths = (
			);
			outputPaths = (
				"$(DERIVED_FILE_DIR)/Pods-moviewApp-moviewAppUITests-checkManifestLockResult.txt",
			);
			runOnlyForDeploymentPostprocessing = 0;
			shellPath = /bin/sh;
			shellScript = "diff \"${PODS_PODFILE_DIR_PATH}/Podfile.lock\" \"${PODS_ROOT}/Manifest.lock\" > /dev/null\nif [ $? != 0 ] ; then\n    # print error to STDERR\n    echo \"error: The sandbox is not in sync with the Podfile.lock. Run 'pod install' or update your CocoaPods installation.\" >&2\n    exit 1\nfi\n# This output is used by Xcode 'outputs' to avoid re-running this script phase.\necho \"SUCCESS\" > \"${SCRIPT_OUTPUT_FILE_0}\"\n";
			showEnvVarsInLog = 0;
		};
		8FF1BE3C326514C6BA47B556 /* [CP] Check Pods Manifest.lock */ = {
			isa = PBXShellScriptBuildPhase;
			buildActionMask = 2147483647;
			files = (
			);
			inputFileListPaths = (
			);
			inputPaths = (
				"${PODS_PODFILE_DIR_PATH}/Podfile.lock",
				"${PODS_ROOT}/Manifest.lock",
			);
			name = "[CP] Check Pods Manifest.lock";
			outputFileListPaths = (
			);
			outputPaths = (
				"$(DERIVED_FILE_DIR)/Pods-moviewApp-checkManifestLockResult.txt",
			);
			runOnlyForDeploymentPostprocessing = 0;
			shellPath = /bin/sh;
			shellScript = "diff \"${PODS_PODFILE_DIR_PATH}/Podfile.lock\" \"${PODS_ROOT}/Manifest.lock\" > /dev/null\nif [ $? != 0 ] ; then\n    # print error to STDERR\n    echo \"error: The sandbox is not in sync with the Podfile.lock. Run 'pod install' or update your CocoaPods installation.\" >&2\n    exit 1\nfi\n# This output is used by Xcode 'outputs' to avoid re-running this script phase.\necho \"SUCCESS\" > \"${SCRIPT_OUTPUT_FILE_0}\"\n";
			showEnvVarsInLog = 0;
		};
/* End PBXShellScriptBuildPhase section */

/* Begin PBXSourcesBuildPhase section */
		6758865E28F65BBB00AD8D4E /* Sources */ = {
			isa = PBXSourcesBuildPhase;
			buildActionMask = 2147483647;
			files = (
				67318C0929026DE7001E4746 /* NetworkManager.swift in Sources */,
				67E67E9A28F804D400DC3FC8 /* DetailViewController.swift in Sources */,
				67E67E9628F802E100DC3FC8 /* NetworkService.swift in Sources */,
				6740D0B5290FAE7F001BE993 /* MainSlideView.swift in Sources */,
				67318C0B29027909001E4746 /* Storage.swift in Sources */,
				67E67EA628F8143F00DC3FC8 /* LatestMovieViewModel.swift in Sources */,
				674BAB0B28F6C42500D88963 /* LatestMovieViewController.swift in Sources */,
				67E67EA928F8147900DC3FC8 /* TheaterViewModel.swift in Sources */,
				67E67EA028F806B400DC3FC8 /* CategoryFlow.swift in Sources */,
				674BAB0928F6C38E00D88963 /* HomeViewController.swift in Sources */,
				6747AC7028FD36A100BCA44A /* TrendMovie.swift in Sources */,
				67E67E9E28F806A500DC3FC8 /* LatestMovieFlow.swift in Sources */,
				67E67E9228F8007600DC3FC8 /* MainStep.swift in Sources */,
				67479747290A48FD00B4FDA3 /* HomeMainSlideViewController.swift in Sources */,
				6758866A28F65BBB00AD8D4E /* ViewController.swift in Sources */,
				67283BE7291358E1005DC535 /* LatestMovie.swift in Sources */,
				67FCF688292DF6DE002A2BF1 /* ListSlider.swift in Sources */,
				67E67E9428F800E800DC3FC8 /* MainFlow.swift in Sources */,
				67283BE92913A8D7005DC535 /* LatestMovieView.swift in Sources */,
				67258F96292B76BD00B7672C /* LatestMovieViewCell.swift in Sources */,
				6740D0B3290FA999001BE993 /* HomeView.swift in Sources */,
				674BAB0D28F6C43500D88963 /* TheaterViewController.swift in Sources */,
				6758866628F65BBB00AD8D4E /* AppDelegate.swift in Sources */,
				67E67E9C28F8069200DC3FC8 /* HomeFlow.swift in Sources */,
				67E67EA328F8127900DC3FC8 /* HomeViewModel.swift in Sources */,
				6758866828F65BBB00AD8D4E /* SceneDelegate.swift in Sources */,
				673D61E52910DA38000CF6A0 /* UIView+.swift in Sources */,
			);
			runOnlyForDeploymentPostprocessing = 0;
		};
		6758867428F65BBC00AD8D4E /* Sources */ = {
			isa = PBXSourcesBuildPhase;
			buildActionMask = 2147483647;
			files = (
				6758867D28F65BBC00AD8D4E /* moviewAppTests.swift in Sources */,
			);
			runOnlyForDeploymentPostprocessing = 0;
		};
		6758867E28F65BBC00AD8D4E /* Sources */ = {
			isa = PBXSourcesBuildPhase;
			buildActionMask = 2147483647;
			files = (
				6758868728F65BBC00AD8D4E /* moviewAppUITests.swift in Sources */,
				6758868928F65BBC00AD8D4E /* moviewAppUITestsLaunchTests.swift in Sources */,
			);
			runOnlyForDeploymentPostprocessing = 0;
		};
/* End PBXSourcesBuildPhase section */

/* Begin PBXTargetDependency section */
		6758867A28F65BBC00AD8D4E /* PBXTargetDependency */ = {
			isa = PBXTargetDependency;
			target = 6758866128F65BBB00AD8D4E /* moviewApp */;
			targetProxy = 6758867928F65BBC00AD8D4E /* PBXContainerItemProxy */;
		};
		6758868428F65BBC00AD8D4E /* PBXTargetDependency */ = {
			isa = PBXTargetDependency;
			target = 6758866128F65BBB00AD8D4E /* moviewApp */;
			targetProxy = 6758868328F65BBC00AD8D4E /* PBXContainerItemProxy */;
		};
/* End PBXTargetDependency section */

/* Begin PBXVariantGroup section */
		6758867028F65BBC00AD8D4E /* LaunchScreen.storyboard */ = {
			isa = PBXVariantGroup;
			children = (
				6758867128F65BBC00AD8D4E /* Base */,
			);
			name = LaunchScreen.storyboard;
			sourceTree = "<group>";
		};
/* End PBXVariantGroup section */

/* Begin XCBuildConfiguration section */
		6758868A28F65BBC00AD8D4E /* Debug */ = {
			isa = XCBuildConfiguration;
			buildSettings = {
				ALWAYS_SEARCH_USER_PATHS = NO;
				CLANG_ANALYZER_NONNULL = YES;
				CLANG_ANALYZER_NUMBER_OBJECT_CONVERSION = YES_AGGRESSIVE;
				CLANG_CXX_LANGUAGE_STANDARD = "gnu++20";
				CLANG_ENABLE_MODULES = YES;
				CLANG_ENABLE_OBJC_ARC = YES;
				CLANG_ENABLE_OBJC_WEAK = YES;
				CLANG_WARN_BLOCK_CAPTURE_AUTORELEASING = YES;
				CLANG_WARN_BOOL_CONVERSION = YES;
				CLANG_WARN_COMMA = YES;
				CLANG_WARN_CONSTANT_CONVERSION = YES;
				CLANG_WARN_DEPRECATED_OBJC_IMPLEMENTATIONS = YES;
				CLANG_WARN_DIRECT_OBJC_ISA_USAGE = YES_ERROR;
				CLANG_WARN_DOCUMENTATION_COMMENTS = YES;
				CLANG_WARN_EMPTY_BODY = YES;
				CLANG_WARN_ENUM_CONVERSION = YES;
				CLANG_WARN_INFINITE_RECURSION = YES;
				CLANG_WARN_INT_CONVERSION = YES;
				CLANG_WARN_NON_LITERAL_NULL_CONVERSION = YES;
				CLANG_WARN_OBJC_IMPLICIT_RETAIN_SELF = YES;
				CLANG_WARN_OBJC_LITERAL_CONVERSION = YES;
				CLANG_WARN_OBJC_ROOT_CLASS = YES_ERROR;
				CLANG_WARN_QUOTED_INCLUDE_IN_FRAMEWORK_HEADER = YES;
				CLANG_WARN_RANGE_LOOP_ANALYSIS = YES;
				CLANG_WARN_STRICT_PROTOTYPES = YES;
				CLANG_WARN_SUSPICIOUS_MOVE = YES;
				CLANG_WARN_UNGUARDED_AVAILABILITY = YES_AGGRESSIVE;
				CLANG_WARN_UNREACHABLE_CODE = YES;
				CLANG_WARN__DUPLICATE_METHOD_MATCH = YES;
				COPY_PHASE_STRIP = NO;
				DEBUG_INFORMATION_FORMAT = dwarf;
				ENABLE_STRICT_OBJC_MSGSEND = YES;
				ENABLE_TESTABILITY = YES;
				GCC_C_LANGUAGE_STANDARD = gnu11;
				GCC_DYNAMIC_NO_PIC = NO;
				GCC_NO_COMMON_BLOCKS = YES;
				GCC_OPTIMIZATION_LEVEL = 0;
				GCC_PREPROCESSOR_DEFINITIONS = (
					"DEBUG=1",
					"$(inherited)",
				);
				GCC_WARN_64_TO_32_BIT_CONVERSION = YES;
				GCC_WARN_ABOUT_RETURN_TYPE = YES_ERROR;
				GCC_WARN_UNDECLARED_SELECTOR = YES;
				GCC_WARN_UNINITIALIZED_AUTOS = YES_AGGRESSIVE;
				GCC_WARN_UNUSED_FUNCTION = YES;
				GCC_WARN_UNUSED_VARIABLE = YES;
				IPHONEOS_DEPLOYMENT_TARGET = 16.0;
				MTL_ENABLE_DEBUG_INFO = INCLUDE_SOURCE;
				MTL_FAST_MATH = YES;
				ONLY_ACTIVE_ARCH = YES;
				SDKROOT = iphoneos;
				SWIFT_ACTIVE_COMPILATION_CONDITIONS = DEBUG;
				SWIFT_OPTIMIZATION_LEVEL = "-Onone";
			};
			name = Debug;
		};
		6758868B28F65BBC00AD8D4E /* Release */ = {
			isa = XCBuildConfiguration;
			buildSettings = {
				ALWAYS_SEARCH_USER_PATHS = NO;
				CLANG_ANALYZER_NONNULL = YES;
				CLANG_ANALYZER_NUMBER_OBJECT_CONVERSION = YES_AGGRESSIVE;
				CLANG_CXX_LANGUAGE_STANDARD = "gnu++20";
				CLANG_ENABLE_MODULES = YES;
				CLANG_ENABLE_OBJC_ARC = YES;
				CLANG_ENABLE_OBJC_WEAK = YES;
				CLANG_WARN_BLOCK_CAPTURE_AUTORELEASING = YES;
				CLANG_WARN_BOOL_CONVERSION = YES;
				CLANG_WARN_COMMA = YES;
				CLANG_WARN_CONSTANT_CONVERSION = YES;
				CLANG_WARN_DEPRECATED_OBJC_IMPLEMENTATIONS = YES;
				CLANG_WARN_DIRECT_OBJC_ISA_USAGE = YES_ERROR;
				CLANG_WARN_DOCUMENTATION_COMMENTS = YES;
				CLANG_WARN_EMPTY_BODY = YES;
				CLANG_WARN_ENUM_CONVERSION = YES;
				CLANG_WARN_INFINITE_RECURSION = YES;
				CLANG_WARN_INT_CONVERSION = YES;
				CLANG_WARN_NON_LITERAL_NULL_CONVERSION = YES;
				CLANG_WARN_OBJC_IMPLICIT_RETAIN_SELF = YES;
				CLANG_WARN_OBJC_LITERAL_CONVERSION = YES;
				CLANG_WARN_OBJC_ROOT_CLASS = YES_ERROR;
				CLANG_WARN_QUOTED_INCLUDE_IN_FRAMEWORK_HEADER = YES;
				CLANG_WARN_RANGE_LOOP_ANALYSIS = YES;
				CLANG_WARN_STRICT_PROTOTYPES = YES;
				CLANG_WARN_SUSPICIOUS_MOVE = YES;
				CLANG_WARN_UNGUARDED_AVAILABILITY = YES_AGGRESSIVE;
				CLANG_WARN_UNREACHABLE_CODE = YES;
				CLANG_WARN__DUPLICATE_METHOD_MATCH = YES;
				COPY_PHASE_STRIP = NO;
				DEBUG_INFORMATION_FORMAT = "dwarf-with-dsym";
				ENABLE_NS_ASSERTIONS = NO;
				ENABLE_STRICT_OBJC_MSGSEND = YES;
				GCC_C_LANGUAGE_STANDARD = gnu11;
				GCC_NO_COMMON_BLOCKS = YES;
				GCC_WARN_64_TO_32_BIT_CONVERSION = YES;
				GCC_WARN_ABOUT_RETURN_TYPE = YES_ERROR;
				GCC_WARN_UNDECLARED_SELECTOR = YES;
				GCC_WARN_UNINITIALIZED_AUTOS = YES_AGGRESSIVE;
				GCC_WARN_UNUSED_FUNCTION = YES;
				GCC_WARN_UNUSED_VARIABLE = YES;
				IPHONEOS_DEPLOYMENT_TARGET = 16.0;
				MTL_ENABLE_DEBUG_INFO = NO;
				MTL_FAST_MATH = YES;
				SDKROOT = iphoneos;
				SWIFT_COMPILATION_MODE = wholemodule;
				SWIFT_OPTIMIZATION_LEVEL = "-O";
				VALIDATE_PRODUCT = YES;
			};
			name = Release;
		};
		6758868D28F65BBC00AD8D4E /* Debug */ = {
			isa = XCBuildConfiguration;
			baseConfigurationReference = 52D46102DFAD5F0498DEBD44 /* Pods-moviewApp.debug.xcconfig */;
			buildSettings = {
				ASSETCATALOG_COMPILER_APPICON_NAME = AppIcon;
				ASSETCATALOG_COMPILER_GLOBAL_ACCENT_COLOR_NAME = AccentColor;
				CODE_SIGN_STYLE = Automatic;
				CURRENT_PROJECT_VERSION = 1;
				DEVELOPMENT_TEAM = 8G9QJBS8AT;
				GENERATE_INFOPLIST_FILE = YES;
				INFOPLIST_FILE = moviewApp/Info.plist;
				INFOPLIST_KEY_UIApplicationSupportsIndirectInputEvents = YES;
				INFOPLIST_KEY_UILaunchStoryboardName = LaunchScreen;
				INFOPLIST_KEY_UIStatusBarStyle = "";
				INFOPLIST_KEY_UISupportedInterfaceOrientations_iPad = "UIInterfaceOrientationPortrait UIInterfaceOrientationPortraitUpsideDown UIInterfaceOrientationLandscapeLeft UIInterfaceOrientationLandscapeRight";
				INFOPLIST_KEY_UISupportedInterfaceOrientations_iPhone = "UIInterfaceOrientationPortrait UIInterfaceOrientationLandscapeLeft UIInterfaceOrientationLandscapeRight";
				LD_RUNPATH_SEARCH_PATHS = (
					"$(inherited)",
					"@executable_path/Frameworks",
				);
				MARKETING_VERSION = 1.0;
				PRODUCT_BUNDLE_IDENTIFIER = com.jooeuniosdev.moviewApp;
				PRODUCT_NAME = "$(TARGET_NAME)";
				SWIFT_EMIT_LOC_STRINGS = YES;
				SWIFT_VERSION = 5.0;
				TARGETED_DEVICE_FAMILY = "1,2";
			};
			name = Debug;
		};
		6758868E28F65BBC00AD8D4E /* Release */ = {
			isa = XCBuildConfiguration;
			baseConfigurationReference = 53A4E6EE722C9E1D9B0B6296 /* Pods-moviewApp.release.xcconfig */;
			buildSettings = {
				ASSETCATALOG_COMPILER_APPICON_NAME = AppIcon;
				ASSETCATALOG_COMPILER_GLOBAL_ACCENT_COLOR_NAME = AccentColor;
				CODE_SIGN_STYLE = Automatic;
				CURRENT_PROJECT_VERSION = 1;
				DEVELOPMENT_TEAM = 8G9QJBS8AT;
				GENERATE_INFOPLIST_FILE = YES;
				INFOPLIST_FILE = moviewApp/Info.plist;
				INFOPLIST_KEY_UIApplicationSupportsIndirectInputEvents = YES;
				INFOPLIST_KEY_UILaunchStoryboardName = LaunchScreen;
				INFOPLIST_KEY_UIStatusBarStyle = "";
				INFOPLIST_KEY_UISupportedInterfaceOrientations_iPad = "UIInterfaceOrientationPortrait UIInterfaceOrientationPortraitUpsideDown UIInterfaceOrientationLandscapeLeft UIInterfaceOrientationLandscapeRight";
				INFOPLIST_KEY_UISupportedInterfaceOrientations_iPhone = "UIInterfaceOrientationPortrait UIInterfaceOrientationLandscapeLeft UIInterfaceOrientationLandscapeRight";
				LD_RUNPATH_SEARCH_PATHS = (
					"$(inherited)",
					"@executable_path/Frameworks",
				);
				MARKETING_VERSION = 1.0;
				PRODUCT_BUNDLE_IDENTIFIER = com.jooeuniosdev.moviewApp;
				PRODUCT_NAME = "$(TARGET_NAME)";
				SWIFT_EMIT_LOC_STRINGS = YES;
				SWIFT_VERSION = 5.0;
				TARGETED_DEVICE_FAMILY = "1,2";
			};
			name = Release;
		};
		6758869028F65BBC00AD8D4E /* Debug */ = {
			isa = XCBuildConfiguration;
			baseConfigurationReference = 6F48FEEA9F13C7B9BF89A56A /* Pods-moviewAppTests.debug.xcconfig */;
			buildSettings = {
				ALWAYS_EMBED_SWIFT_STANDARD_LIBRARIES = YES;
				BUNDLE_LOADER = "$(TEST_HOST)";
				CODE_SIGN_STYLE = Automatic;
				CURRENT_PROJECT_VERSION = 1;
				DEVELOPMENT_TEAM = 8G9QJBS8AT;
				GENERATE_INFOPLIST_FILE = YES;
				IPHONEOS_DEPLOYMENT_TARGET = 16.0;
				MARKETING_VERSION = 1.0;
				PRODUCT_BUNDLE_IDENTIFIER = com.jooeuniosdev.moviewAppTests;
				PRODUCT_NAME = "$(TARGET_NAME)";
				SWIFT_EMIT_LOC_STRINGS = NO;
				SWIFT_VERSION = 5.0;
				TARGETED_DEVICE_FAMILY = "1,2";
				TEST_HOST = "$(BUILT_PRODUCTS_DIR)/moviewApp.app/$(BUNDLE_EXECUTABLE_FOLDER_PATH)/moviewApp";
			};
			name = Debug;
		};
		6758869128F65BBC00AD8D4E /* Release */ = {
			isa = XCBuildConfiguration;
			baseConfigurationReference = 5AE29E02FDCE0BD9B63729F5 /* Pods-moviewAppTests.release.xcconfig */;
			buildSettings = {
				ALWAYS_EMBED_SWIFT_STANDARD_LIBRARIES = YES;
				BUNDLE_LOADER = "$(TEST_HOST)";
				CODE_SIGN_STYLE = Automatic;
				CURRENT_PROJECT_VERSION = 1;
				DEVELOPMENT_TEAM = 8G9QJBS8AT;
				GENERATE_INFOPLIST_FILE = YES;
				IPHONEOS_DEPLOYMENT_TARGET = 16.0;
				MARKETING_VERSION = 1.0;
				PRODUCT_BUNDLE_IDENTIFIER = com.jooeuniosdev.moviewAppTests;
				PRODUCT_NAME = "$(TARGET_NAME)";
				SWIFT_EMIT_LOC_STRINGS = NO;
				SWIFT_VERSION = 5.0;
				TARGETED_DEVICE_FAMILY = "1,2";
				TEST_HOST = "$(BUILT_PRODUCTS_DIR)/moviewApp.app/$(BUNDLE_EXECUTABLE_FOLDER_PATH)/moviewApp";
			};
			name = Release;
		};
		6758869328F65BBC00AD8D4E /* Debug */ = {
			isa = XCBuildConfiguration;
			baseConfigurationReference = FA7A0B6C97410D4CF67882E7 /* Pods-moviewApp-moviewAppUITests.debug.xcconfig */;
			buildSettings = {
				ALWAYS_EMBED_SWIFT_STANDARD_LIBRARIES = YES;
				CODE_SIGN_STYLE = Automatic;
				CURRENT_PROJECT_VERSION = 1;
				DEVELOPMENT_TEAM = 8G9QJBS8AT;
				GENERATE_INFOPLIST_FILE = YES;
				MARKETING_VERSION = 1.0;
				PRODUCT_BUNDLE_IDENTIFIER = com.jooeuniosdev.moviewAppUITests;
				PRODUCT_NAME = "$(TARGET_NAME)";
				SWIFT_EMIT_LOC_STRINGS = NO;
				SWIFT_VERSION = 5.0;
				TARGETED_DEVICE_FAMILY = "1,2";
				TEST_TARGET_NAME = moviewApp;
			};
			name = Debug;
		};
		6758869428F65BBC00AD8D4E /* Release */ = {
			isa = XCBuildConfiguration;
			baseConfigurationReference = 08DA05D3C7595970B71B2EF4 /* Pods-moviewApp-moviewAppUITests.release.xcconfig */;
			buildSettings = {
				ALWAYS_EMBED_SWIFT_STANDARD_LIBRARIES = YES;
				CODE_SIGN_STYLE = Automatic;
				CURRENT_PROJECT_VERSION = 1;
				DEVELOPMENT_TEAM = 8G9QJBS8AT;
				GENERATE_INFOPLIST_FILE = YES;
				MARKETING_VERSION = 1.0;
				PRODUCT_BUNDLE_IDENTIFIER = com.jooeuniosdev.moviewAppUITests;
				PRODUCT_NAME = "$(TARGET_NAME)";
				SWIFT_EMIT_LOC_STRINGS = NO;
				SWIFT_VERSION = 5.0;
				TARGETED_DEVICE_FAMILY = "1,2";
				TEST_TARGET_NAME = moviewApp;
			};
			name = Release;
		};
/* End XCBuildConfiguration section */

/* Begin XCConfigurationList section */
		6758865D28F65BBB00AD8D4E /* Build configuration list for PBXProject "moviewApp" */ = {
			isa = XCConfigurationList;
			buildConfigurations = (
				6758868A28F65BBC00AD8D4E /* Debug */,
				6758868B28F65BBC00AD8D4E /* Release */,
			);
			defaultConfigurationIsVisible = 0;
			defaultConfigurationName = Release;
		};
		6758868C28F65BBC00AD8D4E /* Build configuration list for PBXNativeTarget "moviewApp" */ = {
			isa = XCConfigurationList;
			buildConfigurations = (
				6758868D28F65BBC00AD8D4E /* Debug */,
				6758868E28F65BBC00AD8D4E /* Release */,
			);
			defaultConfigurationIsVisible = 0;
			defaultConfigurationName = Release;
		};
		6758868F28F65BBC00AD8D4E /* Build configuration list for PBXNativeTarget "moviewAppTests" */ = {
			isa = XCConfigurationList;
			buildConfigurations = (
				6758869028F65BBC00AD8D4E /* Debug */,
				6758869128F65BBC00AD8D4E /* Release */,
			);
			defaultConfigurationIsVisible = 0;
			defaultConfigurationName = Release;
		};
		6758869228F65BBC00AD8D4E /* Build configuration list for PBXNativeTarget "moviewAppUITests" */ = {
			isa = XCConfigurationList;
			buildConfigurations = (
				6758869328F65BBC00AD8D4E /* Debug */,
				6758869428F65BBC00AD8D4E /* Release */,
			);
			defaultConfigurationIsVisible = 0;
			defaultConfigurationName = Release;
		};
/* End XCConfigurationList section */
	};
	rootObject = 6758865A28F65BBB00AD8D4E /* Project object */;
}
